# This file is generated by running "yarn install" inside your project.
# Manual changes might be lost - proceed with caution!

__metadata:
  version: 5
  cacheKey: 8

"@octokit/auth-token@npm:^2.4.4":
  version: 2.5.0
  resolution: "@octokit/auth-token@npm:2.5.0"
  dependencies:
    "@octokit/types": ^6.0.3
  checksum: 45949296c09abcd6beb4c3f69d45b0c1f265f9581d2a9683cf4d1800c4cf8259c2f58d58e44c16c20bffb85a0282a176c0d51f4af300e428b863f27b910e6297
  languageName: node
  linkType: hard

"@octokit/core@npm:^3.5.1":
  version: 3.5.1
  resolution: "@octokit/core@npm:3.5.1"
  dependencies:
    "@octokit/auth-token": ^2.4.4
    "@octokit/graphql": ^4.5.8
    "@octokit/request": ^5.6.0
    "@octokit/request-error": ^2.0.5
    "@octokit/types": ^6.0.3
    before-after-hook: ^2.2.0
    universal-user-agent: ^6.0.0
  checksum: 67179739fc9712b201f2400f132287a2c56a18506e00900bc9d2a3f742b74f1ba69ad998e42f28f3964c0bd1d5478232c1ec7b485c97702b821fbe22b76afa90
  languageName: node
  linkType: hard

"@octokit/endpoint@npm:^6.0.1":
  version: 6.0.12
  resolution: "@octokit/endpoint@npm:6.0.12"
  dependencies:
    "@octokit/types": ^6.0.3
    is-plain-object: ^5.0.0
    universal-user-agent: ^6.0.0
  checksum: b48b29940af11c4b9bca41cf56809754bb8385d4e3a6122671799d27f0238ba575b3fde86d2d30a84f4dbbc14430940de821e56ecc6a9a92d47fc2b29a31479d
  languageName: node
  linkType: hard

"@octokit/graphql@npm:^4.5.8":
  version: 4.8.0
  resolution: "@octokit/graphql@npm:4.8.0"
  dependencies:
    "@octokit/request": ^5.6.0
    "@octokit/types": ^6.0.3
    universal-user-agent: ^6.0.0
  checksum: f68afe53f63900d4a16a0a733f2f500df2695b731f8ed32edb728d50edead7f5011437f71d069c2d2f6d656227703d0c832a3c8af58ecf82bd5dcc051f2d2d74
  languageName: node
  linkType: hard

"@octokit/openapi-types@npm:^11.2.0":
  version: 11.2.0
  resolution: "@octokit/openapi-types@npm:11.2.0"
  checksum: eb373ea496bc96bf0233505a0916eb38cb193d1829cab935e1cf1fd21839c402a1d835d3c0326290c756c0ed980a64d0ae73ad3c5d5decde9000f0828aa7ff52
  languageName: node
  linkType: hard

"@octokit/plugin-paginate-rest@npm:^2.16.8":
  version: 2.17.0
  resolution: "@octokit/plugin-paginate-rest@npm:2.17.0"
  dependencies:
    "@octokit/types": ^6.34.0
  peerDependencies:
    "@octokit/core": ">=2"
  checksum: c8753cda6f7ede79d0e9df43a54e56020aa1c9c6887684e0e0d45cb6ee0dcabf460c3e4b8a18edabef711bb269fd826616e99e78dc29fb30d47c210c562603a0
  languageName: node
  linkType: hard

"@octokit/plugin-request-log@npm:^1.0.4":
  version: 1.0.4
  resolution: "@octokit/plugin-request-log@npm:1.0.4"
  peerDependencies:
    "@octokit/core": ">=3"
  checksum: 2086db00056aee0f8ebd79797b5b57149ae1014e757ea08985b71eec8c3d85dbb54533f4fd34b6b9ecaa760904ae6a7536be27d71e50a3782ab47809094bfc0c
  languageName: node
  linkType: hard

"@octokit/plugin-rest-endpoint-methods@npm:^5.12.0":
  version: 5.13.0
  resolution: "@octokit/plugin-rest-endpoint-methods@npm:5.13.0"
  dependencies:
    "@octokit/types": ^6.34.0
    deprecation: ^2.3.1
  peerDependencies:
    "@octokit/core": ">=3"
  checksum: f331457e4317130adb456b27df2a99609fb54a4dc2da6f87009e567c7325680c901abf18ad08483535bab4ec1c892e4236f4135a2804603aebb12c0698c678c8
  languageName: node
  linkType: hard

"@octokit/request-error@npm:^2.0.5, @octokit/request-error@npm:^2.1.0":
  version: 2.1.0
  resolution: "@octokit/request-error@npm:2.1.0"
  dependencies:
    "@octokit/types": ^6.0.3
    deprecation: ^2.0.0
    once: ^1.4.0
  checksum: baec2b5700498be01b4d958f9472cb776b3f3b0ea52924323a07e7a88572e24cac2cdf7eb04a0614031ba346043558b47bea2d346e98f0e8385b4261f138ef18
  languageName: node
  linkType: hard

"@octokit/request@npm:^5.6.0":
  version: 5.6.3
  resolution: "@octokit/request@npm:5.6.3"
  dependencies:
    "@octokit/endpoint": ^6.0.1
    "@octokit/request-error": ^2.1.0
    "@octokit/types": ^6.16.1
    is-plain-object: ^5.0.0
    node-fetch: ^2.6.7
    universal-user-agent: ^6.0.0
  checksum: c0b4542eb4baaf880d673c758d3e0b5c4a625a4ae30abf40df5548b35f1ff540edaac74625192b1aff42a79ac661e774da4ab7d5505f1cb4ef81239b1e8510c5
  languageName: node
  linkType: hard

"@octokit/rest@npm:^18.12.0":
  version: 18.12.0
  resolution: "@octokit/rest@npm:18.12.0"
  dependencies:
    "@octokit/core": ^3.5.1
    "@octokit/plugin-paginate-rest": ^2.16.8
    "@octokit/plugin-request-log": ^1.0.4
    "@octokit/plugin-rest-endpoint-methods": ^5.12.0
  checksum: c18bd6676a60b66819b016b0f969fcd04d8dfa04d01b7af9af9a7410ff028c621c995185e29454c23c47906da506c1e01620711259989a964ebbfd9106f5b715
  languageName: node
  linkType: hard

"@octokit/types@npm:^6.0.3, @octokit/types@npm:^6.16.1, @octokit/types@npm:^6.34.0":
  version: 6.34.0
  resolution: "@octokit/types@npm:6.34.0"
  dependencies:
    "@octokit/openapi-types": ^11.2.0
  checksum: f122b9aee8f6baddd515e34a0913e73b21d4bc82d6ee59d77a8aaf01b4a02c10867dd013003d087a83dc96db23511893669015af6d30c27cece185e21cf1df89
  languageName: node
  linkType: hard

"@runcitadel/dev-tools@workspace:.":
  version: 0.0.0-use.local
  resolution: "@runcitadel/dev-tools@workspace:."
  dependencies:
    "@octokit/rest": ^18.12.0
    "@types/marked": ^4.0.2
    "@types/marked-terminal": ^3.1.3
    "@types/node": ^17.0.16
    "@types/semver": ^7.3.9
    commander: ^9.0.0
    dotenv: ^16.0.0
    enquirer: ^2.3.6
    marked: ^4.0.12
    marked-terminal: ^5.1.1
    node-fetch: ^3.2.0
    semver: ^7.3.5
    twitter-api-v2: ^1.11.0
    typescript: ^4.5.5
    yaml: ^1.10.2
  bin:
    citadel-dev: ./lib/cli.js
  languageName: unknown
  linkType: soft

"@types/marked-terminal@npm:^3.1.3":
  version: 3.1.3
  resolution: "@types/marked-terminal@npm:3.1.3"
  dependencies:
    "@types/marked": ^3
    chalk: ^2.4.1
  checksum: 5ebeb98eb70a3ecc08d54e559d196fd9998585d36f1ed2b5660e858d7449beb9b9a89cffd6e0abe353d44cc55942dfeccbe51f2c637e0729c4e39c739f5cd49c
  languageName: node
  linkType: hard

"@types/marked@npm:^3":
  version: 3.0.3
  resolution: "@types/marked@npm:3.0.3"
  checksum: 42d859c2e4b38d738dd09a3d90b695e1188f975c82e40d122cf5f40bf2f52b0f9c5815b217eeb01a5a5549c6cf3a5f2b291478a505d4832f813af22e3040ff00
  languageName: node
  linkType: hard

"@types/marked@npm:^4.0.2":
  version: 4.0.2
  resolution: "@types/marked@npm:4.0.2"
  checksum: 61d7f47b2b9924a63600f975ae0417894d0b5e009d8d75d165ace563ec3b0e56205e66df08bc68017a530315289b491f2626e3e0b8e33ac08aec474b1944f0e8
  languageName: node
  linkType: hard

"@types/node@npm:^17.0.16":
  version: 17.0.16
  resolution: "@types/node@npm:17.0.16"
  checksum: 2d452a9e0ee7ec83d447d66dd2baf4dd05ef2fbcda39b06f73d86b36d5150d86c43a733d534d77467e7782104756944d42a35ed4b64113bda341b8334ee4d01d
  languageName: node
  linkType: hard

"@types/semver@npm:^7.3.9":
  version: 7.3.9
  resolution: "@types/semver@npm:7.3.9"
  checksum: 60bfcfdfa7f937be2c6f4b37ddb6714fb0f27b05fe4cbdfdd596a97d35ed95d13ee410efdd88e72a66449d0384220bf20055ab7d6b5df10de4990fbd20e5cbe0
  languageName: node
  linkType: hard

"ansi-colors@npm:^4.1.1":
  version: 4.1.1
  resolution: "ansi-colors@npm:4.1.1"
  checksum: 138d04a51076cb085da0a7e2d000c5c0bb09f6e772ed5c65c53cb118d37f6c5f1637506d7155fb5f330f0abcf6f12fa2e489ac3f8cdab9da393bf1bb4f9a32b0
  languageName: node
  linkType: hard

"ansi-escapes@npm:^5.0.0":
  version: 5.0.0
  resolution: "ansi-escapes@npm:5.0.0"
  dependencies:
    type-fest: ^1.0.2
  checksum: d4b5eb8207df38367945f5dd2ef41e08c28edc192dc766ef18af6b53736682f49d8bfcfa4e4d6ecbc2e2f97c258fda084fb29a9e43b69170b71090f771afccac
  languageName: node
  linkType: hard

"ansi-regex@npm:^5.0.1":
  version: 5.0.1
  resolution: "ansi-regex@npm:5.0.1"
  checksum: 2aa4bb54caf2d622f1afdad09441695af2a83aa3fe8b8afa581d205e57ed4261c183c4d3877cee25794443fde5876417d859c108078ab788d6af7e4fe52eb66b
  languageName: node
  linkType: hard

"ansi-styles@npm:^3.2.1":
  version: 3.2.1
  resolution: "ansi-styles@npm:3.2.1"
  dependencies:
    color-convert: ^1.9.0
  checksum: d85ade01c10e5dd77b6c89f34ed7531da5830d2cb5882c645f330079975b716438cd7ebb81d0d6e6b4f9c577f19ae41ab55f07f19786b02f9dfd9e0377395665
  languageName: node
  linkType: hard

"ansicolors@npm:~0.3.2":
  version: 0.3.2
  resolution: "ansicolors@npm:0.3.2"
  checksum: e84fae7ebc27ac96d9dbb57f35f078cd6dde1b7046b0f03f73dcefc9fbb1f2e82e3685d083466aded8faf038f9fa9ebb408d215282bcd7aaa301d5ac3c486815
  languageName: node
  linkType: hard

"before-after-hook@npm:^2.2.0":
  version: 2.2.2
  resolution: "before-after-hook@npm:2.2.2"
  checksum: dc2e1ffe389e5afbef2a46790b1b5a50247ed57aba67649cfa9ec2552d248cc9278f222e72fb5a8ff59bbb39d78fbaa97e7234ead0c6b5e8418b67a8644ce207
  languageName: node
  linkType: hard

"cardinal@npm:^2.1.1":
  version: 2.1.1
  resolution: "cardinal@npm:2.1.1"
  dependencies:
    ansicolors: ~0.3.2
    redeyed: ~2.1.0
  bin:
    cdl: ./bin/cdl.js
  checksum: e8d4ae46439cf8fed481c0efd267711ee91e199aa7821a9143e784ed94a6495accd01a0b36d84d377e8ee2cc9928a6c9c123b03be761c60b805f2c026b8a99ad
  languageName: node
  linkType: hard

"chalk@npm:^2.4.1":
  version: 2.4.2
  resolution: "chalk@npm:2.4.2"
  dependencies:
    ansi-styles: ^3.2.1
    escape-string-regexp: ^1.0.5
    supports-color: ^5.3.0
  checksum: ec3661d38fe77f681200f878edbd9448821924e0f93a9cefc0e26a33b145f1027a2084bf19967160d11e1f03bfe4eaffcabf5493b89098b2782c3fe0b03d80c2
  languageName: node
  linkType: hard

"chalk@npm:^5.0.0":
  version: 5.0.0
  resolution: "chalk@npm:5.0.0"
  checksum: 6eba7c518b9aa5fe882ae6d14a1ffa58c418d72a3faa7f72af56641f1bbef51b645fca1d6e05d42357b7d3c846cd504c0b7b64d12309cdd07867e3b4411e0d01
  languageName: node
  linkType: hard

"cli-table3@npm:^0.6.1":
  version: 0.6.1
  resolution: "cli-table3@npm:0.6.1"
  dependencies:
    colors: 1.4.0
    string-width: ^4.2.0
  dependenciesMeta:
    colors:
      optional: true
  checksum: 956e175f8eb019c26465b9f1e51121c08d8978e2aab04be7f8520ea8a4e67906fcbd8516dfb77e386ae3730ef0281aa21a65613dffbfa3d62969263252bd25a9
  languageName: node
  linkType: hard

"color-convert@npm:^1.9.0":
  version: 1.9.3
  resolution: "color-convert@npm:1.9.3"
  dependencies:
    color-name: 1.1.3
  checksum: fd7a64a17cde98fb923b1dd05c5f2e6f7aefda1b60d67e8d449f9328b4e53b228a428fd38bfeaeb2db2ff6b6503a776a996150b80cdf224062af08a5c8a3a203
  languageName: node
  linkType: hard

"color-name@npm:1.1.3":
  version: 1.1.3
  resolution: "color-name@npm:1.1.3"
  checksum: 09c5d3e33d2105850153b14466501f2bfb30324a2f76568a408763a3b7433b0e50e5b4ab1947868e65cb101bb7cb75029553f2c333b6d4b8138a73fcc133d69d
  languageName: node
  linkType: hard

"colors@npm:1.4.0":
  version: 1.4.0
  resolution: "colors@npm:1.4.0"
  checksum: 98aa2c2418ad87dedf25d781be69dc5fc5908e279d9d30c34d8b702e586a0474605b3a189511482b9d5ed0d20c867515d22749537f7bc546256c6014f3ebdcec
  languageName: node
  linkType: hard

"commander@npm:^9.0.0":
  version: 9.0.0
  resolution: "commander@npm:9.0.0"
  checksum: 15066e433d528315ded8261d16bc600d1f3c5671c75021e685ae67e4d62f7551243ff28411b28dc0a6f8b23c2a0f033550ec6f3e66bdf9d11a4fdc2d33dd9802
  languageName: node
  linkType: hard

"data-uri-to-buffer@npm:^4.0.0":
  version: 4.0.0
  resolution: "data-uri-to-buffer@npm:4.0.0"
  checksum: a010653869abe8bb51259432894ac62c52bf79ad761d418d94396f48c346f2ae739c46b254e8bb5987bded8a653d467db1968db3a69bab1d33aa5567baa5cfc7
  languageName: node
  linkType: hard

"deprecation@npm:^2.0.0, deprecation@npm:^2.3.1":
  version: 2.3.1
  resolution: "deprecation@npm:2.3.1"
  checksum: f56a05e182c2c195071385455956b0c4106fe14e36245b00c689ceef8e8ab639235176a96977ba7c74afb173317fac2e0ec6ec7a1c6d1e6eaa401c586c714132
  languageName: node
  linkType: hard

"dotenv@npm:^16.0.0":
  version: 16.0.0
  resolution: "dotenv@npm:16.0.0"
  checksum: 664cebb51f0a9a1d1b930f51f0271e72e26d62feaecc9dc03df39453dd494b4e724809ca480fb3ec3213382b1ed3f791aaeb83569a137f9329ce58efd4853dbf
  languageName: node
  linkType: hard

"emoji-regex@npm:^8.0.0":
  version: 8.0.0
  resolution: "emoji-regex@npm:8.0.0"
  checksum: d4c5c39d5a9868b5fa152f00cada8a936868fd3367f33f71be515ecee4c803132d11b31a6222b2571b1e5f7e13890156a94880345594d0ce7e3c9895f560f192
  languageName: node
  linkType: hard

"enquirer@npm:^2.3.6":
  version: 2.3.6
  resolution: "enquirer@npm:2.3.6"
  dependencies:
    ansi-colors: ^4.1.1
  checksum: 1c0911e14a6f8d26721c91e01db06092a5f7675159f0261d69c403396a385afd13dd76825e7678f66daffa930cfaa8d45f506fb35f818a2788463d022af1b884
  languageName: node
  linkType: hard

"escape-string-regexp@npm:^1.0.5":
  version: 1.0.5
  resolution: "escape-string-regexp@npm:1.0.5"
  checksum: 6092fda75c63b110c706b6a9bfde8a612ad595b628f0bd2147eea1d3406723020810e591effc7db1da91d80a71a737a313567c5abb3813e8d9c71f4aa595b410
  languageName: node
  linkType: hard

"esprima@npm:~4.0.0":
  version: 4.0.1
  resolution: "esprima@npm:4.0.1"
  bin:
    esparse: ./bin/esparse.js
    esvalidate: ./bin/esvalidate.js
  checksum: b45bc805a613dbea2835278c306b91aff6173c8d034223fa81498c77dcbce3b2931bf6006db816f62eacd9fd4ea975dfd85a5b7f3c6402cfd050d4ca3c13a628
  languageName: node
  linkType: hard

"fetch-blob@npm:^3.1.2, fetch-blob@npm:^3.1.4":
  version: 3.1.4
  resolution: "fetch-blob@npm:3.1.4"
  dependencies:
    node-domexception: ^1.0.0
    web-streams-polyfill: ^3.0.3
  checksum: 81b074f38a2dbfd546dd58e482cefe14e605abd609e272804bf089d588d84f39e3e95b35640bfb376f71d5038c123d4d41be49d9cdf87e5ec8939d37738df0b6
  languageName: node
  linkType: hard

"formdata-polyfill@npm:^4.0.10":
  version: 4.0.10
  resolution: "formdata-polyfill@npm:4.0.10"
  dependencies:
    fetch-blob: ^3.1.2
  checksum: 82a34df292afadd82b43d4a740ce387bc08541e0a534358425193017bf9fb3567875dc5f69564984b1da979979b70703aa73dee715a17b6c229752ae736dd9db
  languageName: node
  linkType: hard

"has-flag@npm:^3.0.0":
  version: 3.0.0
  resolution: "has-flag@npm:3.0.0"
  checksum: 4a15638b454bf086c8148979aae044dd6e39d63904cd452d970374fa6a87623423da485dfb814e7be882e05c096a7ccf1ebd48e7e7501d0208d8384ff4dea73b
  languageName: node
  linkType: hard

"has-flag@npm:^4.0.0":
  version: 4.0.0
  resolution: "has-flag@npm:4.0.0"
  checksum: 261a1357037ead75e338156b1f9452c016a37dcd3283a972a30d9e4a87441ba372c8b81f818cd0fbcd9c0354b4ae7e18b9e1afa1971164aef6d18c2b6095a8ad
  languageName: node
  linkType: hard

"is-fullwidth-code-point@npm:^3.0.0":
  version: 3.0.0
  resolution: "is-fullwidth-code-point@npm:3.0.0"
  checksum: 44a30c29457c7fb8f00297bce733f0a64cd22eca270f83e58c105e0d015e45c019491a4ab2faef91ab51d4738c670daff901c799f6a700e27f7314029e99e348
  languageName: node
  linkType: hard

"is-plain-object@npm:^5.0.0":
  version: 5.0.0
  resolution: "is-plain-object@npm:5.0.0"
  checksum: e32d27061eef62c0847d303125440a38660517e586f2f3db7c9d179ae5b6674ab0f469d519b2e25c147a1a3bc87156d0d5f4d8821e0ce4a9ee7fe1fcf11ce45c
  languageName: node
  linkType: hard

"lodash@npm:^4.17.21":
  version: 4.17.21
  resolution: "lodash@npm:4.17.21"
  checksum: eb835a2e51d381e561e508ce932ea50a8e5a68f4ebdd771ea240d3048244a8d13658acbd502cd4829768c56f2e16bdd4340b9ea141297d472517b83868e677f7
  languageName: node
  linkType: hard

"lru-cache@npm:^6.0.0":
  version: 6.0.0
  resolution: "lru-cache@npm:6.0.0"
  dependencies:
    yallist: ^4.0.0
  checksum: f97f499f898f23e4585742138a22f22526254fdba6d75d41a1c2526b3b6cc5747ef59c5612ba7375f42aca4f8461950e925ba08c991ead0651b4918b7c978297
  languageName: node
  linkType: hard

"marked-terminal@npm:^5.1.1":
  version: 5.1.1
  resolution: "marked-terminal@npm:5.1.1"
  dependencies:
    ansi-escapes: ^5.0.0
    cardinal: ^2.1.1
    chalk: ^5.0.0
    cli-table3: ^0.6.1
    node-emoji: ^1.11.0
    supports-hyperlinks: ^2.2.0
  peerDependencies:
    marked: ^1.0.0 || ^2.0.0 || ^3.0.0 || ^4.0.0
  checksum: 24ceb02ebd10e9c6c2fac2240a2cc019093c95029732779ea41ba7a81c45867e956d1f6f1ae7426d5247ab5185b9cdaea31a9663e4d624c17335660fa9474c3d
  languageName: node
  linkType: hard

"marked@npm:^4.0.12":
  version: 4.0.12
  resolution: "marked@npm:4.0.12"
  bin:
    marked: bin/marked.js
  checksum: 7575117f85a8986652f3ac8b8a7b95056c4c5fce01a1fc76dc4c7960412cb4c9bd9da8133487159b6b3ff84f52b543dfe9a36f826a5f358892b5ec4b6824f192
  languageName: node
  linkType: hard

"node-domexception@npm:^1.0.0":
  version: 1.0.0
  resolution: "node-domexception@npm:1.0.0"
  checksum: ee1d37dd2a4eb26a8a92cd6b64dfc29caec72bff5e1ed9aba80c294f57a31ba4895a60fd48347cf17dd6e766da0ae87d75657dfd1f384ebfa60462c2283f5c7f
  languageName: node
  linkType: hard

"node-emoji@npm:^1.11.0":
  version: 1.11.0
  resolution: "node-emoji@npm:1.11.0"
  dependencies:
    lodash: ^4.17.21
  checksum: e8c856c04a1645062112a72e59a98b203505ed5111ff84a3a5f40611afa229b578c7d50f1e6a7f17aa62baeea4a640d2e2f61f63afc05423aa267af10977fb2b
  languageName: node
  linkType: hard

"node-fetch@npm:^2.6.7":
  version: 2.6.7
  resolution: "node-fetch@npm:2.6.7"
  dependencies:
    whatwg-url: ^5.0.0
  peerDependencies:
    encoding: ^0.1.0
  peerDependenciesMeta:
    encoding:
      optional: true
  checksum: 8d816ffd1ee22cab8301c7756ef04f3437f18dace86a1dae22cf81db8ef29c0bf6655f3215cb0cdb22b420b6fe141e64b26905e7f33f9377a7fa59135ea3e10b
  languageName: node
  linkType: hard

"node-fetch@npm:^3.2.0":
  version: 3.2.0
  resolution: "node-fetch@npm:3.2.0"
  dependencies:
    data-uri-to-buffer: ^4.0.0
    fetch-blob: ^3.1.4
    formdata-polyfill: ^4.0.10
  checksum: 1c809a0f64dd11cc18b49f990440e22c471da47da2a6d6b3388a83beba9d23ba7eaca1b9bf706a792bd283b824cf1a76777910859b9c28ad33a59f2ae4e44f8e
  languageName: node
  linkType: hard

"once@npm:^1.4.0":
  version: 1.4.0
  resolution: "once@npm:1.4.0"
  dependencies:
    wrappy: 1
  checksum: cd0a88501333edd640d95f0d2700fbde6bff20b3d4d9bdc521bdd31af0656b5706570d6c6afe532045a20bb8dc0849f8332d6f2a416e0ba6d3d3b98806c7db68
  languageName: node
  linkType: hard

"redeyed@npm:~2.1.0":
  version: 2.1.1
  resolution: "redeyed@npm:2.1.1"
  dependencies:
    esprima: ~4.0.0
  checksum: 39a1426e377727cfb47a0e24e95c1cf78d969fbc388dc1e0fa1e2ef8a8756450cefb8b0c2598f63b85f1a331986fca7604c0db798427a5775a1dbdb9c1291979
  languageName: node
  linkType: hard

"semver@npm:^7.3.5":
  version: 7.3.5
  resolution: "semver@npm:7.3.5"
  dependencies:
    lru-cache: ^6.0.0
  bin:
    semver: bin/semver.js
  checksum: 5eafe6102bea2a7439897c1856362e31cc348ccf96efd455c8b5bc2c61e6f7e7b8250dc26b8828c1d76a56f818a7ee907a36ae9fb37a599d3d24609207001d60
  languageName: node
  linkType: hard

"string-width@npm:^4.2.0":
  version: 4.2.3
  resolution: "string-width@npm:4.2.3"
  dependencies:
    emoji-regex: ^8.0.0
    is-fullwidth-code-point: ^3.0.0
    strip-ansi: ^6.0.1
  checksum: e52c10dc3fbfcd6c3a15f159f54a90024241d0f149cf8aed2982a2d801d2e64df0bf1dc351cf8e95c3319323f9f220c16e740b06faecd53e2462df1d2b5443fb
  languageName: node
  linkType: hard

"strip-ansi@npm:^6.0.1":
  version: 6.0.1
  resolution: "strip-ansi@npm:6.0.1"
  dependencies:
    ansi-regex: ^5.0.1
  checksum: f3cd25890aef3ba6e1a74e20896c21a46f482e93df4a06567cebf2b57edabb15133f1f94e57434e0a958d61186087b1008e89c94875d019910a213181a14fc8c
  languageName: node
  linkType: hard

"supports-color@npm:^5.3.0":
  version: 5.5.0
  resolution: "supports-color@npm:5.5.0"
  dependencies:
    has-flag: ^3.0.0
  checksum: 95f6f4ba5afdf92f495b5a912d4abee8dcba766ae719b975c56c084f5004845f6f5a5f7769f52d53f40e21952a6d87411bafe34af4a01e65f9926002e38e1dac
  languageName: node
  linkType: hard

"supports-color@npm:^7.0.0":
  version: 7.2.0
  resolution: "supports-color@npm:7.2.0"
  dependencies:
    has-flag: ^4.0.0
  checksum: 3dda818de06ebbe5b9653e07842d9479f3555ebc77e9a0280caf5a14fb877ffee9ed57007c3b78f5a6324b8dbeec648d9e97a24e2ed9fdb81ddc69ea07100f4a
  languageName: node
  linkType: hard

"supports-hyperlinks@npm:^2.2.0":
  version: 2.2.0
  resolution: "supports-hyperlinks@npm:2.2.0"
  dependencies:
    has-flag: ^4.0.0
    supports-color: ^7.0.0
  checksum: aef04fb41f4a67f1bc128f7c3e88a81b6cf2794c800fccf137006efe5bafde281da3e42e72bf9206c2fcf42e6438f37e3a820a389214d0a88613ca1f2d36076a
  languageName: node
  linkType: hard

"tr46@npm:~0.0.3":
  version: 0.0.3
  resolution: "tr46@npm:0.0.3"
  checksum: 726321c5eaf41b5002e17ffbd1fb7245999a073e8979085dacd47c4b4e8068ff5777142fc6726d6ca1fd2ff16921b48788b87225cbc57c72636f6efa8efbffe3
  languageName: node
  linkType: hard

"twitter-api-v2@npm:^1.11.0":
  version: 1.11.0
  resolution: "twitter-api-v2@npm:1.11.0"
  checksum: c66a7ad074bcdca5e47b41a85a27db03bd2e258e16d124691e73f2540ae69b86496da9454ca48e075d6fc2964fcace78f8ef3e6b8bed17079b957f95c160059f
  languageName: node
  linkType: hard

"type-fest@npm:^1.0.2":
  version: 1.4.0
  resolution: "type-fest@npm:1.4.0"
  checksum: b011c3388665b097ae6a109a437a04d6f61d81b7357f74cbcb02246f2f5bd72b888ae33631b99871388122ba0a87f4ff1c94078e7119ff22c70e52c0ff828201
  languageName: node
  linkType: hard

"typescript@npm:^4.5.5":
  version: 4.5.5
  resolution: "typescript@npm:4.5.5"
  bin:
    tsc: bin/tsc
    tsserver: bin/tsserver
  checksum: 506f4c919dc8aeaafa92068c997f1d213b9df4d9756d0fae1a1e7ab66b585ab3498050e236113a1c9e57ee08c21ec6814ca7a7f61378c058d79af50a4b1f5a5e
  languageName: node
  linkType: hard

"typescript@patch:typescript@^4.5.5#~builtin<compat/typescript>":
  version: 4.5.5
  resolution: "typescript@patch:typescript@npm%3A4.5.5#~builtin<compat/typescript>::version=4.5.5&hash=493e53"
  bin:
    tsc: bin/tsc
    tsserver: bin/tsserver
  checksum: c05c318d79c690f101d7ffb34cd6c7d6bbd884d3af9cefe7749ad0cd6be43c7082f098280982ca945dcba23fde34a08fed9602bb26540936baf8c0520727d3ba
  languageName: node
  linkType: hard

"universal-user-agent@npm:^6.0.0":
  version: 6.0.0
  resolution: "universal-user-agent@npm:6.0.0"
  checksum: 5092bbc80dd0d583cef0b62c17df0043193b74f425112ea6c1f69bc5eda21eeec7a08d8c4f793a277eb2202ffe9b44bec852fa3faff971234cd209874d1b79ef
  languageName: node
  linkType: hard

"web-streams-polyfill@npm:^3.0.3":
  version: 3.2.0
  resolution: "web-streams-polyfill@npm:3.2.0"
  checksum: e23ad0649392fa0159dbfc6bb27474c308c3f332d9078cfef3c06c154165bef18732c5814126147c6c712f604216ddc950c171c854e3821f020e0d2d721a5958
  languageName: node
  linkType: hard

"webidl-conversions@npm:^3.0.0":
  version: 3.0.1
  resolution: "webidl-conversions@npm:3.0.1"
  checksum: c92a0a6ab95314bde9c32e1d0a6dfac83b578f8fa5f21e675bc2706ed6981bc26b7eb7e6a1fab158e5ce4adf9caa4a0aee49a52505d4d13c7be545f15021b17c
  languageName: node
  linkType: hard

"whatwg-url@npm:^5.0.0":
  version: 5.0.0
  resolution: "whatwg-url@npm:5.0.0"
  dependencies:
    tr46: ~0.0.3
    webidl-conversions: ^3.0.0
  checksum: b8daed4ad3356cc4899048a15b2c143a9aed0dfae1f611ebd55073310c7b910f522ad75d727346ad64203d7e6c79ef25eafd465f4d12775ca44b90fa82ed9e2c
  languageName: node
  linkType: hard

"wrappy@npm:1":
  version: 1.0.2
  resolution: "wrappy@npm:1.0.2"
  checksum: 159da4805f7e84a3d003d8841557196034155008f817172d4e986bd591f74aa82aa7db55929a54222309e01079a65a92a9e6414da5a6aa4b01ee44a511ac3ee5
  languageName: node
  linkType: hard

"yallist@npm:^4.0.0":
  version: 4.0.0
  resolution: "yallist@npm:4.0.0"
  checksum: 343617202af32df2a15a3be36a5a8c0c8545208f3d3dfbc6bb7c3e3b7e8c6f8e7485432e4f3b88da3031a6e20afa7c711eded32ddfb122896ac5d914e75848d5
  languageName: node
  linkType: hard

"yaml@npm:^1.10.2":
  version: 1.10.2
  resolution: "yaml@npm:1.10.2"
  checksum: ce4ada136e8a78a0b08dc10b4b900936912d15de59905b2bf415b4d33c63df1d555d23acb2a41b23cf9fb5da41c256441afca3d6509de7247daa062fd2c5ea5f
  languageName: node
  linkType: hard
